// !$*UTF8*$!
{
	archiveVersion = 1;
	classes = {
	};
	objectVersion = 46;
	objects = {

/* Begin PBXBuildFile section */
		95D49394173F5DCB006E808F /* UIKit.framework in Frameworks */ = {isa = PBXBuildFile; fileRef = 95D49393173F5DCB006E808F /* UIKit.framework */; };
		95D49396173F5DCB006E808F /* Foundation.framework in Frameworks */ = {isa = PBXBuildFile; fileRef = 95D49395173F5DCB006E808F /* Foundation.framework */; };
		95D49398173F5DCB006E808F /* CoreGraphics.framework in Frameworks */ = {isa = PBXBuildFile; fileRef = 95D49397173F5DCB006E808F /* CoreGraphics.framework */; };
		95D4939E173F5DCB006E808F /* InfoPlist.strings in Resources */ = {isa = PBXBuildFile; fileRef = 95D4939C173F5DCB006E808F /* InfoPlist.strings */; };
		95D493A0173F5DCB006E808F /* main.m in Sources */ = {isa = PBXBuildFile; fileRef = 95D4939F173F5DCB006E808F /* main.m */; };
		95D493A4173F5DCB006E808F /* AppDelegate.m in Sources */ = {isa = PBXBuildFile; fileRef = 95D493A3173F5DCB006E808F /* AppDelegate.m */; };
		95D493A6173F5DCB006E808F /* Default.png in Resources */ = {isa = PBXBuildFile; fileRef = 95D493A5173F5DCB006E808F /* Default.png */; };
		95D493A8173F5DCB006E808F /* Default@2x.png in Resources */ = {isa = PBXBuildFile; fileRef = 95D493A7173F5DCB006E808F /* Default@2x.png */; };
		95D493AA173F5DCB006E808F /* Default-568h@2x.png in Resources */ = {isa = PBXBuildFile; fileRef = 95D493A9173F5DCB006E808F /* Default-568h@2x.png */; };
		95D493AD173F5DCB006E808F /* MainStoryboard.storyboard in Resources */ = {isa = PBXBuildFile; fileRef = 95D493AB173F5DCB006E808F /* MainStoryboard.storyboard */; };
		95D493B0173F5DCB006E808F /* ViewController.m in Sources */ = {isa = PBXBuildFile; fileRef = 95D493AF173F5DCB006E808F /* ViewController.m */; };
		95D493B8173F5DCB006E808F /* SenTestingKit.framework in Frameworks */ = {isa = PBXBuildFile; fileRef = 95D493B7173F5DCB006E808F /* SenTestingKit.framework */; };
		95D493B9173F5DCB006E808F /* UIKit.framework in Frameworks */ = {isa = PBXBuildFile; fileRef = 95D49393173F5DCB006E808F /* UIKit.framework */; };
		95D493BA173F5DCB006E808F /* Foundation.framework in Frameworks */ = {isa = PBXBuildFile; fileRef = 95D49395173F5DCB006E808F /* Foundation.framework */; };
		95D493C2173F5DCB006E808F /* InfoPlist.strings in Resources */ = {isa = PBXBuildFile; fileRef = 95D493C0173F5DCB006E808F /* InfoPlist.strings */; };
		95D493C5173F5DCB006E808F /* PromisesTests.m in Sources */ = {isa = PBXBuildFile; fileRef = 95D493C4173F5DCB006E808F /* PromisesTests.m */; };
		95D493D2173F5E3E006E808F /* AsyncDemo.m in Sources */ = {isa = PBXBuildFile; fileRef = 95D493CF173F5E3E006E808F /* AsyncDemo.m */; };
		95D493D3173F5E3E006E808F /* Promise.m in Sources */ = {isa = PBXBuildFile; fileRef = 95D493D1173F5E3E006E808F /* Promise.m */; };
/* End PBXBuildFile section */

/* Begin PBXContainerItemProxy section */
		95D493BB173F5DCB006E808F /* PBXContainerItemProxy */ = {
			isa = PBXContainerItemProxy;
			containerPortal = 95D49388173F5DCB006E808F /* Project object */;
			proxyType = 1;
			remoteGlobalIDString = 95D4938F173F5DCB006E808F;
			remoteInfo = Promises;
		};
/* End PBXContainerItemProxy section */

/* Begin PBXFileReference section */
		95D49390173F5DCB006E808F /* Promises.app */ = {isa = PBXFileReference; explicitFileType = wrapper.application; includeInIndex = 0; path = Promises.app; sourceTree = BUILT_PRODUCTS_DIR; };
		95D49393173F5DCB006E808F /* UIKit.framework */ = {isa = PBXFileReference; lastKnownFileType = wrapper.framework; name = UIKit.framework; path = System/Library/Frameworks/UIKit.framework; sourceTree = SDKROOT; };
		95D49395173F5DCB006E808F /* Foundation.framework */ = {isa = PBXFileReference; lastKnownFileType = wrapper.framework; name = Foundation.framework; path = System/Library/Frameworks/Foundation.framework; sourceTree = SDKROOT; };
		95D49397173F5DCB006E808F /* CoreGraphics.framework */ = {isa = PBXFileReference; lastKnownFileType = wrapper.framework; name = CoreGraphics.framework; path = System/Library/Frameworks/CoreGraphics.framework; sourceTree = SDKROOT; };
		95D4939B173F5DCB006E808F /* Promises-Info.plist */ = {isa = PBXFileReference; lastKnownFileType = text.plist.xml; path = "Promises-Info.plist"; sourceTree = "<group>"; };
		95D4939D173F5DCB006E808F /* en */ = {isa = PBXFileReference; lastKnownFileType = text.plist.strings; name = en; path = en.lproj/InfoPlist.strings; sourceTree = "<group>"; };
		95D4939F173F5DCB006E808F /* main.m */ = {isa = PBXFileReference; lastKnownFileType = sourcecode.c.objc; path = main.m; sourceTree = "<group>"; };
		95D493A1173F5DCB006E808F /* Promises-Prefix.pch */ = {isa = PBXFileReference; lastKnownFileType = sourcecode.c.h; path = "Promises-Prefix.pch"; sourceTree = "<group>"; };
		95D493A2173F5DCB006E808F /* AppDelegate.h */ = {isa = PBXFileReference; lastKnownFileType = sourcecode.c.h; path = AppDelegate.h; sourceTree = "<group>"; };
		95D493A3173F5DCB006E808F /* AppDelegate.m */ = {isa = PBXFileReference; lastKnownFileType = sourcecode.c.objc; path = AppDelegate.m; sourceTree = "<group>"; };
		95D493A5173F5DCB006E808F /* Default.png */ = {isa = PBXFileReference; lastKnownFileType = image.png; path = Default.png; sourceTree = "<group>"; };
		95D493A7173F5DCB006E808F /* Default@2x.png */ = {isa = PBXFileReference; lastKnownFileType = image.png; path = "Default@2x.png"; sourceTree = "<group>"; };
		95D493A9173F5DCB006E808F /* Default-568h@2x.png */ = {isa = PBXFileReference; lastKnownFileType = image.png; path = "Default-568h@2x.png"; sourceTree = "<group>"; };
		95D493AC173F5DCB006E808F /* en */ = {isa = PBXFileReference; lastKnownFileType = file.storyboard; name = en; path = en.lproj/MainStoryboard.storyboard; sourceTree = "<group>"; };
		95D493AE173F5DCB006E808F /* ViewController.h */ = {isa = PBXFileReference; lastKnownFileType = sourcecode.c.h; path = ViewController.h; sourceTree = "<group>"; };
		95D493AF173F5DCB006E808F /* ViewController.m */ = {isa = PBXFileReference; lastKnownFileType = sourcecode.c.objc; path = ViewController.m; sourceTree = "<group>"; };
		95D493B6173F5DCB006E808F /* PromisesTests.octest */ = {isa = PBXFileReference; explicitFileType = wrapper.cfbundle; includeInIndex = 0; path = PromisesTests.octest; sourceTree = BUILT_PRODUCTS_DIR; };
		95D493B7173F5DCB006E808F /* SenTestingKit.framework */ = {isa = PBXFileReference; lastKnownFileType = wrapper.framework; name = SenTestingKit.framework; path = Library/Frameworks/SenTestingKit.framework; sourceTree = DEVELOPER_DIR; };
		95D493BF173F5DCB006E808F /* PromisesTests-Info.plist */ = {isa = PBXFileReference; lastKnownFileType = text.plist.xml; path = "PromisesTests-Info.plist"; sourceTree = "<group>"; };
		95D493C1173F5DCB006E808F /* en */ = {isa = PBXFileReference; lastKnownFileType = text.plist.strings; name = en; path = en.lproj/InfoPlist.strings; sourceTree = "<group>"; };
		95D493C3173F5DCB006E808F /* PromisesTests.h */ = {isa = PBXFileReference; lastKnownFileType = sourcecode.c.h; path = PromisesTests.h; sourceTree = "<group>"; };
		95D493C4173F5DCB006E808F /* PromisesTests.m */ = {isa = PBXFileReference; lastKnownFileType = sourcecode.c.objc; path = PromisesTests.m; sourceTree = "<group>"; };
		95D493CE173F5E3E006E808F /* AsyncDemo.h */ = {isa = PBXFileReference; fileEncoding = 4; lastKnownFileType = sourcecode.c.h; name = AsyncDemo.h; path = ../AsyncDemo.h; sourceTree = "<group>"; };
		95D493CF173F5E3E006E808F /* AsyncDemo.m */ = {isa = PBXFileReference; fileEncoding = 4; lastKnownFileType = sourcecode.c.objc; name = AsyncDemo.m; path = ../AsyncDemo.m; sourceTree = "<group>"; };
		95D493D0173F5E3E006E808F /* Promise.h */ = {isa = PBXFileReference; fileEncoding = 4; lastKnownFileType = sourcecode.c.h; path = Promise.h; sourceTree = "<group>"; };
		95D493D1173F5E3E006E808F /* Promise.m */ = {isa = PBXFileReference; fileEncoding = 4; lastKnownFileType = sourcecode.c.objc; path = Promise.m; sourceTree = "<group>"; };
/* End PBXFileReference section */

/* Begin PBXFrameworksBuildPhase section */
		95D4938D173F5DCB006E808F /* Frameworks */ = {
			isa = PBXFrameworksBuildPhase;
			buildActionMask = 2147483647;
			files = (
				95D49394173F5DCB006E808F /* UIKit.framework in Frameworks */,
				95D49396173F5DCB006E808F /* Foundation.framework in Frameworks */,
				95D49398173F5DCB006E808F /* CoreGraphics.framework in Frameworks */,
			);
			runOnlyForDeploymentPostprocessing = 0;
		};
		95D493B2173F5DCB006E808F /* Frameworks */ = {
			isa = PBXFrameworksBuildPhase;
			buildActionMask = 2147483647;
			files = (
				95D493B8173F5DCB006E808F /* SenTestingKit.framework in Frameworks */,
				95D493B9173F5DCB006E808F /* UIKit.framework in Frameworks */,
				95D493BA173F5DCB006E808F /* Foundation.framework in Frameworks */,
			);
			runOnlyForDeploymentPostprocessing = 0;
		};
/* End PBXFrameworksBuildPhase section */

/* Begin PBXGroup section */
		95D49387173F5DCB006E808F = {
			isa = PBXGroup;
			children = (
				95D493D0173F5E3E006E808F /* Promise.h */,
				95D493D1173F5E3E006E808F /* Promise.m */,
				95D49399173F5DCB006E808F /* Promises */,
				95D493BD173F5DCB006E808F /* PromisesTests */,
				95D49392173F5DCB006E808F /* Frameworks */,
				95D49391173F5DCB006E808F /* Products */,
			);
			sourceTree = "<group>";
		};
		95D49391173F5DCB006E808F /* Products */ = {
			isa = PBXGroup;
			children = (
				95D49390173F5DCB006E808F /* Promises.app */,
				95D493B6173F5DCB006E808F /* PromisesTests.octest */,
			);
			name = Products;
			sourceTree = "<group>";
		};
		95D49392173F5DCB006E808F /* Frameworks */ = {
			isa = PBXGroup;
			children = (
				95D49393173F5DCB006E808F /* UIKit.framework */,
				95D49395173F5DCB006E808F /* Foundation.framework */,
				95D49397173F5DCB006E808F /* CoreGraphics.framework */,
				95D493B7173F5DCB006E808F /* SenTestingKit.framework */,
			);
			name = Frameworks;
			sourceTree = "<group>";
		};
		95D49399173F5DCB006E808F /* Promises */ = {
			isa = PBXGroup;
			children = (
				95D493A2173F5DCB006E808F /* AppDelegate.h */,
				95D493A3173F5DCB006E808F /* AppDelegate.m */,
				95D493CE173F5E3E006E808F /* AsyncDemo.h */,
				95D493CF173F5E3E006E808F /* AsyncDemo.m */,
				95D493AB173F5DCB006E808F /* MainStoryboard.storyboard */,
				95D493AE173F5DCB006E808F /* ViewController.h */,
				95D493AF173F5DCB006E808F /* ViewController.m */,
				95D4939A173F5DCB006E808F /* Supporting Files */,
			);
			path = Promises;
			sourceTree = "<group>";
		};
		95D4939A173F5DCB006E808F /* Supporting Files */ = {
			isa = PBXGroup;
			children = (
				95D4939B173F5DCB006E808F /* Promises-Info.plist */,
				95D4939C173F5DCB006E808F /* InfoPlist.strings */,
				95D4939F173F5DCB006E808F /* main.m */,
				95D493A1173F5DCB006E808F /* Promises-Prefix.pch */,
				95D493A5173F5DCB006E808F /* Default.png */,
				95D493A7173F5DCB006E808F /* Default@2x.png */,
				95D493A9173F5DCB006E808F /* Default-568h@2x.png */,
			);
			name = "Supporting Files";
			sourceTree = "<group>";
		};
		95D493BD173F5DCB006E808F /* PromisesTests */ = {
			isa = PBXGroup;
			children = (
				95D493C3173F5DCB006E808F /* PromisesTests.h */,
				95D493C4173F5DCB006E808F /* PromisesTests.m */,
				95D493BE173F5DCB006E808F /* Supporting Files */,
			);
			path = PromisesTests;
			sourceTree = "<group>";
		};
		95D493BE173F5DCB006E808F /* Supporting Files */ = {
			isa = PBXGroup;
			children = (
				95D493BF173F5DCB006E808F /* PromisesTests-Info.plist */,
				95D493C0173F5DCB006E808F /* InfoPlist.strings */,
			);
			name = "Supporting Files";
			sourceTree = "<group>";
		};
/* End PBXGroup section */

/* Begin PBXNativeTarget section */
		95D4938F173F5DCB006E808F /* Promises */ = {
			isa = PBXNativeTarget;
			buildConfigurationList = 95D493C8173F5DCB006E808F /* Build configuration list for PBXNativeTarget "Promises" */;
			buildPhases = (
				95D4938C173F5DCB006E808F /* Sources */,
				95D4938D173F5DCB006E808F /* Frameworks */,
				95D4938E173F5DCB006E808F /* Resources */,
			);
			buildRules = (
			);
			dependencies = (
			);
			name = Promises;
			productName = Promises;
			productReference = 95D49390173F5DCB006E808F /* Promises.app */;
			productType = "com.apple.product-type.application";
		};
		95D493B5173F5DCB006E808F /* PromisesTests */ = {
			isa = PBXNativeTarget;
			buildConfigurationList = 95D493CB173F5DCB006E808F /* Build configuration list for PBXNativeTarget "PromisesTests" */;
			buildPhases = (
				95D493B1173F5DCB006E808F /* Sources */,
				95D493B2173F5DCB006E808F /* Frameworks */,
				95D493B3173F5DCB006E808F /* Resources */,
				95D493B4173F5DCB006E808F /* ShellScript */,
			);
			buildRules = (
			);
			dependencies = (
				95D493BC173F5DCB006E808F /* PBXTargetDependency */,
			);
			name = PromisesTests;
			productName = PromisesTests;
			productReference = 95D493B6173F5DCB006E808F /* PromisesTests.octest */;
			productType = "com.apple.product-type.bundle";
		};
/* End PBXNativeTarget section */

/* Begin PBXProject section */
		95D49388173F5DCB006E808F /* Project object */ = {
			isa = PBXProject;
			attributes = {
				LastUpgradeCheck = 0460;
				ORGANIZATIONNAME = "Jim Kubicek";
			};
			buildConfigurationList = 95D4938B173F5DCB006E808F /* Build configuration list for PBXProject "Promises" */;
			compatibilityVersion = "Xcode 3.2";
			developmentRegion = English;
			hasScannedForEncodings = 0;
			knownRegions = (
				en,
			);
			mainGroup = 95D49387173F5DCB006E808F;
			productRefGroup = 95D49391173F5DCB006E808F /* Products */;
			projectDirPath = "";
			projectRoot = "";
			targets = (
				95D4938F173F5DCB006E808F /* Promises */,
				95D493B5173F5DCB006E808F /* PromisesTests */,
			);
		};
/* End PBXProject section */

/* Begin PBXResourcesBuildPhase section */
		95D4938E173F5DCB006E808F /* Resources */ = {
			isa = PBXResourcesBuildPhase;
			buildActionMask = 2147483647;
			files = (
				95D4939E173F5DCB006E808F /* InfoPlist.strings in Resources */,
				95D493A6173F5DCB006E808F /* Default.png in Resources */,
				95D493A8173F5DCB006E808F /* Default@2x.png in Resources */,
				95D493AA173F5DCB006E808F /* Default-568h@2x.png in Resources */,
				95D493AD173F5DCB006E808F /* MainStoryboard.storyboard in Resources */,
			);
			runOnlyForDeploymentPostprocessing = 0;
		};
		95D493B3173F5DCB006E808F /* Resources */ = {
			isa = PBXResourcesBuildPhase;
			buildActionMask = 2147483647;
			files = (
				95D493C2173F5DCB006E808F /* InfoPlist.strings in Resources */,
			);
			runOnlyForDeploymentPostprocessing = 0;
		};
/* End PBXResourcesBuildPhase section */

/* Begin PBXShellScriptBuildPhase section */
		95D493B4173F5DCB006E808F /* ShellScript */ = {
			isa = PBXShellScriptBuildPhase;
			buildActionMask = 2147483647;
			files = (
			);
			inputPaths = (
			);
			outputPaths = (
			);
			runOnlyForDeploymentPostprocessing = 0;
			shellPath = /bin/sh;
			shellScript = "# Run the unit tests in this test bundle.\n\"${SYSTEM_DEVELOPER_DIR}/Tools/RunUnitTests\"\n";
		};
/* End PBXShellScriptBuildPhase section */

/* Begin PBXSourcesBuildPhase section */
		95D4938C173F5DCB006E808F /* Sources */ = {
			isa = PBXSourcesBuildPhase;
			buildActionMask = 2147483647;
			files = (
				95D493A0173F5DCB006E808F /* main.m in Sources */,
				95D493A4173F5DCB006E808F /* AppDelegate.m in Sources */,
				95D493B0173F5DCB006E808F /* ViewController.m in Sources */,
				95D493D2173F5E3E006E808F /* AsyncDemo.m in Sources */,
				95D493D3173F5E3E006E808F /* Promise.m in Sources */,
			);
			runOnlyForDeploymentPostprocessing = 0;
		};
		95D493B1173F5DCB006E808F /* Sources */ = {
			isa = PBXSourcesBuildPhase;
			buildActionMask = 2147483647;
			files = (
				95D493C5173F5DCB006E808F /* PromisesTests.m in Sources */,
			);
			runOnlyForDeploymentPostprocessing = 0;
		};
/* End PBXSourcesBuildPhase section */

/* Begin PBXTargetDependency section */
		95D493BC173F5DCB006E808F /* PBXTargetDependency */ = {
			isa = PBXTargetDependency;
			target = 95D4938F173F5DCB006E808F /* Promises */;
			targetProxy = 95D493BB173F5DCB006E808F /* PBXContainerItemProxy */;
		};
/* End PBXTargetDependency section */

/* Begin PBXVariantGroup section */
		95D4939C173F5DCB006E808F /* InfoPlist.strings */ = {
			isa = PBXVariantGroup;
			children = (
				95D4939D173F5DCB006E808F /* en */,
			);
			name = InfoPlist.strings;
			sourceTree = "<group>";
		};
		95D493AB173F5DCB006E808F /* MainStoryboard.storyboard */ = {
			isa = PBXVariantGroup;
			children = (
				95D493AC173F5DCB006E808F /* en */,
			);
			name = MainStoryboard.storyboard;
			sourceTree = "<group>";
		};
		95D493C0173F5DCB006E808F /* InfoPlist.strings */ = {
			isa = PBXVariantGroup;
			children = (
				95D493C1173F5DCB006E808F /* en */,
			);
			name = InfoPlist.strings;
			sourceTree = "<group>";
		};
/* End PBXVariantGroup section */

/* Begin XCBuildConfiguration section */
		95D493C6173F5DCB006E808F /* Debug */ = {
			isa = XCBuildConfiguration;
			buildSettings = {
				ALWAYS_SEARCH_USER_PATHS = NO;
				CLANG_CXX_LANGUAGE_STANDARD = "gnu++0x";
				CLANG_CXX_LIBRARY = "libc++";
				CLANG_ENABLE_OBJC_ARC = YES;
				CLANG_WARN_CONSTANT_CONVERSION = YES;
				CLANG_WARN_EMPTY_BODY = YES;
				CLANG_WARN_ENUM_CONVERSION = YES;
				CLANG_WARN_INT_CONVERSION = YES;
				CLANG_WARN__DUPLICATE_METHOD_MATCH = YES;
				"CODE_SIGN_IDENTITY[sdk=iphoneos*]" = "iPhone Developer";
				COPY_PHASE_STRIP = NO;
				GCC_C_LANGUAGE_STANDARD = gnu99;
				GCC_DYNAMIC_NO_PIC = NO;
				GCC_OPTIMIZATION_LEVEL = 0;
				GCC_PREPROCESSOR_DEFINITIONS = (
					"DEBUG=1",
					"$(inherited)",
				);
				GCC_SYMBOLS_PRIVATE_EXTERN = NO;
				GCC_WARN_ABOUT_RETURN_TYPE = YES;
				GCC_WARN_UNINITIALIZED_AUTOS = YES;
				GCC_WARN_UNUSED_VARIABLE = YES;
				IPHONEOS_DEPLOYMENT_TARGET = 6.1;
				ONLY_ACTIVE_ARCH = YES;
				SDKROOT = iphoneos;
			};
			name = Debug;
		};
		95D493C7173F5DCB006E808F /* Release */ = {
			isa = XCBuildConfiguration;
			buildSettings = {
				ALWAYS_SEARCH_USER_PATHS = NO;
				CLANG_CXX_LANGUAGE_STANDARD = "gnu++0x";
				CLANG_CXX_LIBRARY = "libc++";
				CLANG_ENABLE_OBJC_ARC = YES;
				CLANG_WARN_CONSTANT_CONVERSION = YES;
				CLANG_WARN_EMPTY_BODY = YES;
				CLANG_WARN_ENUM_CONVERSION = YES;
				CLANG_WARN_INT_CONVERSION = YES;
				CLANG_WARN__DUPLICATE_METHOD_MATCH = YES;
				"CODE_SIGN_IDENTITY[sdk=iphoneos*]" = "iPhone Developer";
				COPY_PHASE_STRIP = YES;
				GCC_C_LANGUAGE_STANDARD = gnu99;
				GCC_WARN_ABOUT_RETURN_TYPE = YES;
				GCC_WARN_UNINITIALIZED_AUTOS = YES;
				GCC_WARN_UNUSED_VARIABLE = YES;
				IPHONEOS_DEPLOYMENT_TARGET = 6.1;
				OTHER_CFLAGS = "-DNS_BLOCK_ASSERTIONS=1";
				SDKROOT = iphoneos;
				VALIDATE_PRODUCT = YES;
			};
			name = Release;
		};
		95D493C9173F5DCB006E808F /* Debug */ = {
			isa = XCBuildConfiguration;
			buildSettings = {
				GCC_PRECOMPILE_PREFIX_HEADER = YES;
				GCC_PREFIX_HEADER = "Promises/Promises-Prefix.pch";
				INFOPLIST_FILE = "Promises/Promises-Info.plist";
				PRODUCT_NAME = "$(TARGET_NAME)";
				WRAPPER_EXTENSION = app;
			};
			name = Debug;
		};
		95D493CA173F5DCB006E808F /* Release */ = {
			isa = XCBuildConfiguration;
			buildSettings = {
				GCC_PRECOMPILE_PREFIX_HEADER = YES;
				GCC_PREFIX_HEADER = "Promises/Promises-Prefix.pch";
				INFOPLIST_FILE = "Promises/Promises-Info.plist";
				PRODUCT_NAME = "$(TARGET_NAME)";
				WRAPPER_EXTENSION = app;
			};
			name = Release;
		};
		95D493CC173F5DCB006E808F /* Debug */ = {
			isa = XCBuildConfiguration;
			buildSettings = {
				BUNDLE_LOADER = "$(BUILT_PRODUCTS_DIR)/Promises.app/Promises";
				FRAMEWORK_SEARCH_PATHS = (
					"\"$(SDKROOT)/Developer/Library/Frameworks\"",
					"\"$(DEVELOPER_LIBRARY_DIR)/Frameworks\"",
				);
				GCC_PRECOMPILE_PREFIX_HEADER = YES;
				GCC_PREFIX_HEADER = "Promises/Promises-Prefix.pch";
				INFOPLIST_FILE = "PromisesTests/PromisesTests-Info.plist";
				PRODUCT_NAME = "$(TARGET_NAME)";
				TEST_HOST = "$(BUNDLE_LOADER)";
				WRAPPER_EXTENSION = octest;
			};
			name = Debug;
		};
		95D493CD173F5DCB006E808F /* Release */ = {
			isa = XCBuildConfiguration;
			buildSettings = {
				BUNDLE_LOADER = "$(BUILT_PRODUCTS_DIR)/Promises.app/Promises";
				FRAMEWORK_SEARCH_PATHS = (
					"\"$(SDKROOT)/Developer/Library/Frameworks\"",
					"\"$(DEVELOPER_LIBRARY_DIR)/Frameworks\"",
				);
				GCC_PRECOMPILE_PREFIX_HEADER = YES;
				GCC_PREFIX_HEADER = "Promises/Promises-Prefix.pch";
				INFOPLIST_FILE = "PromisesTests/PromisesTests-Info.plist";
				PRODUCT_NAME = "$(TARGET_NAME)";
				TEST_HOST = "$(BUNDLE_LOADER)";
				WRAPPER_EXTENSION = octest;
			};
			name = Release;
		};
/* End XCBuildConfiguration section */

/* Begin XCConfigurationList section */
		95D4938B173F5DCB006E808F /* Build configuration list for PBXProject "Promises" */ = {
			isa = XCConfigurationList;
			buildConfigurations = (
				95D493C6173F5DCB006E808F /* Debug */,
				95D493C7173F5DCB006E808F /* Release */,
			);
			defaultConfigurationIsVisible = 0;
			defaultConfigurationName = Release;
		};
		95D493C8173F5DCB006E808F /* Build configuration list for PBXNativeTarget "Promises" */ = {
			isa = XCConfigurationList;
			buildConfigurations = (
				95D493C9173F5DCB006E808F /* Debug */,
				95D493CA173F5DCB006E808F /* Release */,
			);
			defaultConfigurationIsVisible = 0;
		};
		95D493CB173F5DCB006E808F /* Build configuration list for PBXNativeTarget "PromisesTests" */ = {
			isa = XCConfigurationList;
			buildConfigurations = (
				95D493CC173F5DCB006E808F /* Debug */,
				95D493CD173F5DCB006E808F /* Release */,
			);
			defaultConfigurationIsVisible = 0;
		};
/* End XCConfigurationList section */
	};
	rootObject = 95D49388173F5DCB006E808F /* Project object */;
}
